
Microsoft Visual Studio Solution File, Format Version 12.00
# Visual Studio 15
VisualStudioVersion = 15.0.27703.2026
MinimumVisualStudioVersion = 10.0.40219.1
Project("{FAE04EC0-301F-11D3-BF4B-00C04F79EFBC}") = "VigenereTools", "VigeneryTools\VigenereTools.csproj", "{1162EBD9-7DFA-4AE1-9F5D-75452321DAFF}"
EndProject
Project("{FAE04EC0-301F-11D3-BF4B-00C04F79EFBC}") = "VigenereToolsTests", "VigenereToolsTests\VigenereToolsTests.csproj", "{EC85167D-7D9D-4314-875E-13B478C45AB9}"
EndProject
Global
	GlobalSection(SolutionConfigurationPlatforms) = preSolution
		Debug|Any CPU = Debug|Any CPU
		Release|Any CPU = Release|Any CPU
	EndGlobalSection
	GlobalSection(ProjectConfigurationPlatforms) = postSolution
		{1162EBD9-7DFA-4AE1-9F5D-75452321DAFF}.Debug|Any CPU.ActiveCfg = Debug|Any CPU
		{1162EBD9-7DFA-4AE1-9F5D-75452321DAFF}.Debug|Any CPU.Build.0 = Debug|Any CPU
		{1162EBD9-7DFA-4AE1-9F5D-75452321DAFF}.Release|Any CPU.ActiveCfg = Release|Any CPU
		{1162EBD9-7DFA-4AE1-9F5D-75452321DAFF}.Release|Any CPU.Build.0 = Release|Any CPU
		{EC85167D-7D9D-4314-875E-13B478C45AB9}.Debug|Any CPU.ActiveCfg = Debug|Any CPU
		{EC85167D-7D9D-4314-875E-13B478C45AB9}.Debug|Any CPU.Build.0 = Debug|Any CPU
		{EC85167D-7D9D-4314-875E-13B478C45AB9}.Release|Any CPU.ActiveCfg = Release|Any CPU
		{EC85167D-7D9D-4314-875E-13B478C45AB9}.Release|Any CPU.Build.0 = Release|Any CPU
	EndGlobalSection
	GlobalSection(SolutionProperties) = preSolution
		HideSolutionNode = FALSE
	EndGlobalSection
	GlobalSection(ExtensibilityGlobals) = postSolution
		SolutionGuid = {1CA1FAC1-C3F7-4322-B96B-2C80280327A5}
	EndGlobalSection
EndGlobal
